{
    "_readme": [
        "This file locks the dependencies of your project to a known state",
        "Read more about it at http://getcomposer.org/doc/01-basic-usage.md#composer-lock-the-lock-file",
        "This file is @generated automatically"
    ],
    "hash": "ea4b0a7928520aecc5c876443dcf6731",
    "packages": [
        {
            "name": "wikimedia/cdb",
            "version": "1.0.1",
            "source": {
                "type": "git",
                "url": "https://github.com/wikimedia/cdb.git",
                "reference": "3b7d5366c88eccf2517ebac57c59eb557c82f46c"
            },
            "dist": {
                "type": "zip",
                "url": "https://api.github.com/repos/wikimedia/cdb/zipball/3b7d5366c88eccf2517ebac57c59eb557c82f46c",
                "reference": "3b7d5366c88eccf2517ebac57c59eb557c82f46c",
                "shasum": ""
            },
            "require": {
                "php": ">=5.3.2"
            },
            "require-dev": {
                "phpunit/phpunit": "*"
            },
            "type": "library",
            "autoload": {
                "classmap": [
                    "src/"
                ]
            },
            "notification-url": "https://packagist.org/downloads/",
            "license": [
                "GPL-2.0"
            ],
            "authors": [
                {
                    "name": "Tim Starling",
                    "email": "tstarling@wikimedia.org"
                },
                {
                    "name": "Chad Horohoe",
                    "email": "chad@wikimedia.org"
                }
            ],
            "description": "Constant Database (CDB) wrapper library for PHP. Provides pure-PHP fallback when dba_* functions are absent.",
            "homepage": "https://www.mediawiki.org/wiki/CDB",
            "time": "2014-12-08 19:26:44"
        }
    ],
    "packages-dev": [],
    "aliases": [],
    "minimum-stability": "stable",
    "stability-flags": [],
    "prefer-stable": false,
    "prefer-lowest": false,
    "platform": [],
    "platform-dev": []
}
